
Microsoft Visual Studio Solution File, Format Version 12.00
# Visual Studio Version 16
VisualStudioVersion = 16.0.29709.97
MinimumVisualStudioVersion = 10.0.40219.1
Project("{FAE04EC0-301F-11D3-BF4B-00C04F79EFBC}") = "Even_or_Odd", "Even_or_Odd.csproj", "{D5EB71E3-3BBD-4E82-A36F-0EB0B32EE109}"
EndProject
Global
	GlobalSection(SolutionConfigurationPlatforms) = preSolution
		Debug|Any CPU = Debug|Any CPU
		Release|Any CPU = Release|Any CPU
	EndGlobalSection
	GlobalSection(ProjectConfigurationPlatforms) = postSolution
		{D5EB71E3-3BBD-4E82-A36F-0EB0B32EE109}.Debug|Any CPU.ActiveCfg = Debug|Any CPU
		{D5EB71E3-3BBD-4E82-A36F-0EB0B32EE109}.Debug|Any CPU.Build.0 = Debug|Any CPU
		{D5EB71E3-3BBD-4E82-A36F-0EB0B32EE109}.Release|Any CPU.ActiveCfg = Release|Any CPU
		{D5EB71E3-3BBD-4E82-A36F-0EB0B32EE109}.Release|Any CPU.Build.0 = Release|Any CPU
	EndGlobalSection
	GlobalSection(SolutionProperties) = preSolution
		HideSolutionNode = FALSE
	EndGlobalSection
	GlobalSection(ExtensibilityGlobals) = postSolution
		SolutionGuid = {780AB5DC-FD73-4C35-BB05-A69ED40B8D01}
	EndGlobalSection
EndGlobal
